Microsoft Visual Studio Solution File, Format Version 12.00
# Visual Studio 2012
Project("{FAE04EC0-301F-11D3-BF4B-00C04F79EFBC}") = "Adventure-Game", "Adventure-Game.csproj", "{DE7A9360-287B-4789-95A7-6710AE305729}"
EndProject
Global
	GlobalSection(SolutionConfigurationPlatforms) = preSolution
	Debug|Any CPU = Debug|Any CPU
	ExportDebug|Any CPU = ExportDebug|Any CPU
	ExportRelease|Any CPU = ExportRelease|Any CPU
	EndGlobalSection
	GlobalSection(ProjectConfigurationPlatforms) = postSolution
		{DE7A9360-287B-4789-95A7-6710AE305729}.Debug|Any CPU.ActiveCfg = Debug|Any CPU
		{DE7A9360-287B-4789-95A7-6710AE305729}.Debug|Any CPU.Build.0 = Debug|Any CPU
		{DE7A9360-287B-4789-95A7-6710AE305729}.ExportDebug|Any CPU.ActiveCfg = ExportDebug|Any CPU
		{DE7A9360-287B-4789-95A7-6710AE305729}.ExportDebug|Any CPU.Build.0 = ExportDebug|Any CPU
		{DE7A9360-287B-4789-95A7-6710AE305729}.ExportRelease|Any CPU.ActiveCfg = ExportRelease|Any CPU
		{DE7A9360-287B-4789-95A7-6710AE305729}.ExportRelease|Any CPU.Build.0 = ExportRelease|Any CPU
	EndGlobalSection
EndGlobal
